
Microsoft Visual Studio Solution File, Format Version 12.00
# Visual Studio Version 16
VisualStudioVersion = 16.0.30804.86
MinimumVisualStudioVersion = 10.0.40219.1
Project("{FAE04EC0-301F-11D3-BF4B-00C04F79EFBC}") = "GymT", "GymT\GymT.csproj", "{4B6050F4-840D-4378-A29B-D162ABCA052F}"
EndProject
Global
	GlobalSection(SolutionConfigurationPlatforms) = preSolution
		Debug|Any CPU = Debug|Any CPU
		Release|Any CPU = Release|Any CPU
	EndGlobalSection
	GlobalSection(ProjectConfigurationPlatforms) = postSolution
		{4B6050F4-840D-4378-A29B-D162ABCA052F}.Debug|Any CPU.ActiveCfg = Debug|Any CPU
		{4B6050F4-840D-4378-A29B-D162ABCA052F}.Debug|Any CPU.Build.0 = Debug|Any CPU
		{4B6050F4-840D-4378-A29B-D162ABCA052F}.Release|Any CPU.ActiveCfg = Release|Any CPU
		{4B6050F4-840D-4378-A29B-D162ABCA052F}.Release|Any CPU.Build.0 = Release|Any CPU
	EndGlobalSection
	GlobalSection(SolutionProperties) = preSolution
		HideSolutionNode = FALSE
	EndGlobalSection
	GlobalSection(ExtensibilityGlobals) = postSolution
		SolutionGuid = {DA04F640-5CA6-4EB7-9DD0-7E192219F6C6}
	EndGlobalSection
EndGlobal
